
Microsoft Visual Studio Solution File, Format Version 12.00
# Visual Studio Version 16
VisualStudioVersion = 16.0.28803.352
MinimumVisualStudioVersion = 10.0.40219.1
Project("{FAE04EC0-301F-11D3-BF4B-00C04F79EFBC}") = "Cwiczenia10", "Cwiczenia10\Cwiczenia10.csproj", "{20872658-FCC0-4403-A6CA-97BDCD83C3F4}"
EndProject
Global
	GlobalSection(SolutionConfigurationPlatforms) = preSolution
		Debug|Any CPU = Debug|Any CPU
		Release|Any CPU = Release|Any CPU
	EndGlobalSection
	GlobalSection(ProjectConfigurationPlatforms) = postSolution
		{20872658-FCC0-4403-A6CA-97BDCD83C3F4}.Debug|Any CPU.ActiveCfg = Debug|Any CPU
		{20872658-FCC0-4403-A6CA-97BDCD83C3F4}.Debug|Any CPU.Build.0 = Debug|Any CPU
		{20872658-FCC0-4403-A6CA-97BDCD83C3F4}.Release|Any CPU.ActiveCfg = Release|Any CPU
		{20872658-FCC0-4403-A6CA-97BDCD83C3F4}.Release|Any CPU.Build.0 = Release|Any CPU
	EndGlobalSection
	GlobalSection(SolutionProperties) = preSolution
		HideSolutionNode = FALSE
	EndGlobalSection
	GlobalSection(ExtensibilityGlobals) = postSolution
		SolutionGuid = {E0121791-CF91-4BD6-B316-D2213403BAAD}
	EndGlobalSection
EndGlobal
